// !$*UTF8*$!
{
	archiveVersion = 1;
	classes = {
	};
	objectVersion = 56;
	objects = {

/* Begin PBXBuildFile section */
		D5E9F6D42CE477C8003A61BA /* AppDelegate.swift in Sources */ = {isa = PBXBuildFile; fileRef = D5E9F6D32CE477C8003A61BA /* AppDelegate.swift */; };
		D5E9F6D62CE477C8003A61BA /* SceneDelegate.swift in Sources */ = {isa = PBXBuildFile; fileRef = D5E9F6D52CE477C8003A61BA /* SceneDelegate.swift */; };
		D5E9F6D82CE477C8003A61BA /* ViewController.swift in Sources */ = {isa = PBXBuildFile; fileRef = D5E9F6D72CE477C8003A61BA /* ViewController.swift */; };
		D5E9F6DB2CE477C8003A61BA /* Base in Resources */ = {isa = PBXBuildFile; fileRef = D5E9F6DA2CE477C8003A61BA /* Base */; };
		D5E9F6DD2CE477C9003A61BA /* Assets.xcassets in Resources */ = {isa = PBXBuildFile; fileRef = D5E9F6DC2CE477C9003A61BA /* Assets.xcassets */; };
		D5E9F6E02CE477C9003A61BA /* Base in Resources */ = {isa = PBXBuildFile; fileRef = D5E9F6DF2CE477C9003A61BA /* Base */; };
		D5E9F6EB2CE477C9003A61BA /* UIPickerViewTests.swift in Sources */ = {isa = PBXBuildFile; fileRef = D5E9F6EA2CE477C9003A61BA /* UIPickerViewTests.swift */; };
		D5E9F6F52CE477C9003A61BA /* UIPickerViewUITests.swift in Sources */ = {isa = PBXBuildFile; fileRef = D5E9F6F42CE477C9003A61BA /* UIPickerViewUITests.swift */; };
		D5E9F6F72CE477C9003A61BA /* UIPickerViewUITestsLaunchTests.swift in Sources */ = {isa = PBXBuildFile; fileRef = D5E9F6F62CE477C9003A61BA /* UIPickerViewUITestsLaunchTests.swift */; };
/* End PBXBuildFile section */

/* Begin PBXContainerItemProxy section */
		D5E9F6E72CE477C9003A61BA /* PBXContainerItemProxy */ = {
			isa = PBXContainerItemProxy;
			containerPortal = D5E9F6C82CE477C8003A61BA /* Project object */;
			proxyType = 1;
			remoteGlobalIDString = D5E9F6CF2CE477C8003A61BA;
			remoteInfo = UIPickerView;
		};
		D5E9F6F12CE477C9003A61BA /* PBXContainerItemProxy */ = {
			isa = PBXContainerItemProxy;
			containerPortal = D5E9F6C82CE477C8003A61BA /* Project object */;
			proxyType = 1;
			remoteGlobalIDString = D5E9F6CF2CE477C8003A61BA;
			remoteInfo = UIPickerView;
		};
/* End PBXContainerItemProxy section */

/* Begin PBXFileReference section */
		D5E9F6D02CE477C8003A61BA /* UIPickerView.app */ = {isa = PBXFileReference; explicitFileType = wrapper.application; includeInIndex = 0; path = UIPickerView.app; sourceTree = BUILT_PRODUCTS_DIR; };
		D5E9F6D32CE477C8003A61BA /* AppDelegate.swift */ = {isa = PBXFileReference; lastKnownFileType = sourcecode.swift; path = AppDelegate.swift; sourceTree = "<group>"; };
		D5E9F6D52CE477C8003A61BA /* SceneDelegate.swift */ = {isa = PBXFileReference; lastKnownFileType = sourcecode.swift; path = SceneDelegate.swift; sourceTree = "<group>"; };
		D5E9F6D72CE477C8003A61BA /* ViewController.swift */ = {isa = PBXFileReference; lastKnownFileType = sourcecode.swift; path = ViewController.swift; sourceTree = "<group>"; };
		D5E9F6DA2CE477C8003A61BA /* Base */ = {isa = PBXFileReference; lastKnownFileType = file.storyboard; name = Base; path = Base.lproj/Main.storyboard; sourceTree = "<group>"; };
		D5E9F6DC2CE477C9003A61BA /* Assets.xcassets */ = {isa = PBXFileReference; lastKnownFileType = folder.assetcatalog; path = Assets.xcassets; sourceTree = "<group>"; };
		D5E9F6DF2CE477C9003A61BA /* Base */ = {isa = PBXFileReference; lastKnownFileType = file.storyboard; name = Base; path = Base.lproj/LaunchScreen.storyboard; sourceTree = "<group>"; };
		D5E9F6E12CE477C9003A61BA /* Info.plist */ = {isa = PBXFileReference; lastKnownFileType = text.plist.xml; path = Info.plist; sourceTree = "<group>"; };
		D5E9F6E62CE477C9003A61BA /* UIPickerViewTests.xctest */ = {isa = PBXFileReference; explicitFileType = wrapper.cfbundle; includeInIndex = 0; path = UIPickerViewTests.xctest; sourceTree = BUILT_PRODUCTS_DIR; };
		D5E9F6EA2CE477C9003A61BA /* UIPickerViewTests.swift */ = {isa = PBXFileReference; lastKnownFileType = sourcecode.swift; path = UIPickerViewTests.swift; sourceTree = "<group>"; };
		D5E9F6F02CE477C9003A61BA /* UIPickerViewUITests.xctest */ = {isa = PBXFileReference; explicitFileType = wrapper.cfbundle; includeInIndex = 0; path = UIPickerViewUITests.xctest; sourceTree = BUILT_PRODUCTS_DIR; };
		D5E9F6F42CE477C9003A61BA /* UIPickerViewUITests.swift */ = {isa = PBXFileReference; lastKnownFileType = sourcecode.swift; path = UIPickerViewUITests.swift; sourceTree = "<group>"; };
		D5E9F6F62CE477C9003A61BA /* UIPickerViewUITestsLaunchTests.swift */ = {isa = PBXFileReference; lastKnownFileType = sourcecode.swift; path = UIPickerViewUITestsLaunchTests.swift; sourceTree = "<group>"; };
/* End PBXFileReference section */

/* Begin PBXFrameworksBuildPhase section */
		D5E9F6CD2CE477C8003A61BA /* Frameworks */ = {
			isa = PBXFrameworksBuildPhase;
			buildActionMask = 2147483647;
			files = (
			);
			runOnlyForDeploymentPostprocessing = 0;
		};
		D5E9F6E32CE477C9003A61BA /* Frameworks */ = {
			isa = PBXFrameworksBuildPhase;
			buildActionMask = 2147483647;
			files = (
			);
			runOnlyForDeploymentPostprocessing = 0;
		};
		D5E9F6ED2CE477C9003A61BA /* Frameworks */ = {
			isa = PBXFrameworksBuildPhase;
			buildActionMask = 2147483647;
			files = (
			);
			runOnlyForDeploymentPostprocessing = 0;
		};
/* End PBXFrameworksBuildPhase section */

/* Begin PBXGroup section */
		D5E9F6C72CE477C8003A61BA = {
			isa = PBXGroup;
			children = (
				D5E9F6D22CE477C8003A61BA /* UIPickerView */,
				D5E9F6E92CE477C9003A61BA /* UIPickerViewTests */,
				D5E9F6F32CE477C9003A61BA /* UIPickerViewUITests */,
				D5E9F6D12CE477C8003A61BA /* Products */,
			);
			sourceTree = "<group>";
		};
		D5E9F6D12CE477C8003A61BA /* Products */ = {
			isa = PBXGroup;
			children = (
				D5E9F6D02CE477C8003A61BA /* UIPickerView.app */,
				D5E9F6E62CE477C9003A61BA /* UIPickerViewTests.xctest */,
				D5E9F6F02CE477C9003A61BA /* UIPickerViewUITests.xctest */,
			);
			name = Products;
			sourceTree = "<group>";
		};
		D5E9F6D22CE477C8003A61BA /* UIPickerView */ = {
			isa = PBXGroup;
			children = (
				D5E9F6D32CE477C8003A61BA /* AppDelegate.swift */,
				D5E9F6D52CE477C8003A61BA /* SceneDelegate.swift */,
				D5E9F6D72CE477C8003A61BA /* ViewController.swift */,
				D5E9F6D92CE477C8003A61BA /* Main.storyboard */,
				D5E9F6DC2CE477C9003A61BA /* Assets.xcassets */,
				D5E9F6DE2CE477C9003A61BA /* LaunchScreen.storyboard */,
				D5E9F6E12CE477C9003A61BA /* Info.plist */,
			);
			path = UIPickerView;
			sourceTree = "<group>";
		};
		D5E9F6E92CE477C9003A61BA /* UIPickerViewTests */ = {
			isa = PBXGroup;
			children = (
				D5E9F6EA2CE477C9003A61BA /* UIPickerViewTests.swift */,
			);
			path = UIPickerViewTests;
			sourceTree = "<group>";
		};
		D5E9F6F32CE477C9003A61BA /* UIPickerViewUITests */ = {
			isa = PBXGroup;
			children = (
				D5E9F6F42CE477C9003A61BA /* UIPickerViewUITests.swift */,
				D5E9F6F62CE477C9003A61BA /* UIPickerViewUITestsLaunchTests.swift */,
			);
			path = UIPickerViewUITests;
			sourceTree = "<group>";
		};
/* End PBXGroup section */

/* Begin PBXNativeTarget section */
		D5E9F6CF2CE477C8003A61BA /* UIPickerView */ = {
			isa = PBXNativeTarget;
			buildConfigurationList = D5E9F6FA2CE477C9003A61BA /* Build configuration list for PBXNativeTarget "UIPickerView" */;
			buildPhases = (
				D5E9F6CC2CE477C8003A61BA /* Sources */,
				D5E9F6CD2CE477C8003A61BA /* Frameworks */,
				D5E9F6CE2CE477C8003A61BA /* Resources */,
			);
			buildRules = (
			);
			dependencies = (
			);
			name = UIPickerView;
			productName = UIPickerView;
			productReference = D5E9F6D02CE477C8003A61BA /* UIPickerView.app */;
			productType = "com.apple.product-type.application";
		};
		D5E9F6E52CE477C9003A61BA /* UIPickerViewTests */ = {
			isa = PBXNativeTarget;
			buildConfigurationList = D5E9F6FD2CE477C9003A61BA /* Build configuration list for PBXNativeTarget "UIPickerViewTests" */;
			buildPhases = (
				D5E9F6E22CE477C9003A61BA /* Sources */,
				D5E9F6E32CE477C9003A61BA /* Frameworks */,
				D5E9F6E42CE477C9003A61BA /* Resources */,
			);
			buildRules = (
			);
			dependencies = (
				D5E9F6E82CE477C9003A61BA /* PBXTargetDependency */,
			);
			name = UIPickerViewTests;
			productName = UIPickerViewTests;
			productReference = D5E9F6E62CE477C9003A61BA /* UIPickerViewTests.xctest */;
			productType = "com.apple.product-type.bundle.unit-test";
		};
		D5E9F6EF2CE477C9003A61BA /* UIPickerViewUITests */ = {
			isa = PBXNativeTarget;
			buildConfigurationList = D5E9F7002CE477C9003A61BA /* Build configuration list for PBXNativeTarget "UIPickerViewUITests" */;
			buildPhases = (
				D5E9F6EC2CE477C9003A61BA /* Sources */,
				D5E9F6ED2CE477C9003A61BA /* Frameworks */,
				D5E9F6EE2CE477C9003A61BA /* Resources */,
			);
			buildRules = (
			);
			dependencies = (
				D5E9F6F22CE477C9003A61BA /* PBXTargetDependency */,
			);
			name = UIPickerViewUITests;
			productName = UIPickerViewUITests;
			productReference = D5E9F6F02CE477C9003A61BA /* UIPickerViewUITests.xctest */;
			productType = "com.apple.product-type.bundle.ui-testing";
		};
/* End PBXNativeTarget section */

/* Begin PBXProject section */
		D5E9F6C82CE477C8003A61BA /* Project object */ = {
			isa = PBXProject;
			attributes = {
				BuildIndependentTargetsInParallel = 1;
				LastSwiftUpdateCheck = 1540;
				LastUpgradeCheck = 1540;
				TargetAttributes = {
					D5E9F6CF2CE477C8003A61BA = {
						CreatedOnToolsVersion = 15.4;
					};
					D5E9F6E52CE477C9003A61BA = {
						CreatedOnToolsVersion = 15.4;
						TestTargetID = D5E9F6CF2CE477C8003A61BA;
					};
					D5E9F6EF2CE477C9003A61BA = {
						CreatedOnToolsVersion = 15.4;
						TestTargetID = D5E9F6CF2CE477C8003A61BA;
					};
				};
			};
			buildConfigurationList = D5E9F6CB2CE477C8003A61BA /* Build configuration list for PBXProject "UIPickerView" */;
			compatibilityVersion = "Xcode 14.0";
			developmentRegion = en;
			hasScannedForEncodings = 0;
			knownRegions = (
				en,
				Base,
			);
			mainGroup = D5E9F6C72CE477C8003A61BA;
			productRefGroup = D5E9F6D12CE477C8003A61BA /* Products */;
			projectDirPath = "";
			projectRoot = "";
			targets = (
				D5E9F6CF2CE477C8003A61BA /* UIPickerView */,
				D5E9F6E52CE477C9003A61BA /* UIPickerViewTests */,
				D5E9F6EF2CE477C9003A61BA /* UIPickerViewUITests */,
			);
		};
/* End PBXProject section */

/* Begin PBXResourcesBuildPhase section */
		D5E9F6CE2CE477C8003A61BA /* Resources */ = {
			isa = PBXResourcesBuildPhase;
			buildActionMask = 2147483647;
			files = (
				D5E9F6DD2CE477C9003A61BA /* Assets.xcassets in Resources */,
				D5E9F6E02CE477C9003A61BA /* Base in Resources */,
				D5E9F6DB2CE477C8003A61BA /* Base in Resources */,
			);
			runOnlyForDeploymentPostprocessing = 0;
		};
		D5E9F6E42CE477C9003A61BA /* Resources */ = {
			isa = PBXResourcesBuildPhase;
			buildActionMask = 2147483647;
			files = (
			);
			runOnlyForDeploymentPostprocessing = 0;
		};
		D5E9F6EE2CE477C9003A61BA /* Resources */ = {
			isa = PBXResourcesBuildPhase;
			buildActionMask = 2147483647;
			files = (
			);
			runOnlyForDeploymentPostprocessing = 0;
		};
/* End PBXResourcesBuildPhase section */

/* Begin PBXSourcesBuildPhase section */
		D5E9F6CC2CE477C8003A61BA /* Sources */ = {
			isa = PBXSourcesBuildPhase;
			buildActionMask = 2147483647;
			files = (
				D5E9F6D82CE477C8003A61BA /* ViewController.swift in Sources */,
				D5E9F6D42CE477C8003A61BA /* AppDelegate.swift in Sources */,
				D5E9F6D62CE477C8003A61BA /* SceneDelegate.swift in Sources */,
			);
			runOnlyForDeploymentPostprocessing = 0;
		};
		D5E9F6E22CE477C9003A61BA /* Sources */ = {
			isa = PBXSourcesBuildPhase;
			buildActionMask = 2147483647;
			files = (
				D5E9F6EB2CE477C9003A61BA /* UIPickerViewTests.swift in Sources */,
			);
			runOnlyForDeploymentPostprocessing = 0;
		};
		D5E9F6EC2CE477C9003A61BA /* Sources */ = {
			isa = PBXSourcesBuildPhase;
			buildActionMask = 2147483647;
			files = (
				D5E9F6F52CE477C9003A61BA /* UIPickerViewUITests.swift in Sources */,
				D5E9F6F72CE477C9003A61BA /* UIPickerViewUITestsLaunchTests.swift in Sources */,
			);
			runOnlyForDeploymentPostprocessing = 0;
		};
/* End PBXSourcesBuildPhase section */

/* Begin PBXTargetDependency section */
		D5E9F6E82CE477C9003A61BA /* PBXTargetDependency */ = {
			isa = PBXTargetDependency;
			target = D5E9F6CF2CE477C8003A61BA /* UIPickerView */;
			targetProxy = D5E9F6E72CE477C9003A61BA /* PBXContainerItemProxy */;
		};
		D5E9F6F22CE477C9003A61BA /* PBXTargetDependency */ = {
			isa = PBXTargetDependency;
			target = D5E9F6CF2CE477C8003A61BA /* UIPickerView */;
			targetProxy = D5E9F6F12CE477C9003A61BA /* PBXContainerItemProxy */;
		};
/* End PBXTargetDependency section */

/* Begin PBXVariantGroup section */
		D5E9F6D92CE477C8003A61BA /* Main.storyboard */ = {
			isa = PBXVariantGroup;
			children = (
				D5E9F6DA2CE477C8003A61BA /* Base */,
			);
			name = Main.storyboard;
			sourceTree = "<group>";
		};
		D5E9F6DE2CE477C9003A61BA /* LaunchScreen.storyboard */ = {
			isa = PBXVariantGroup;
			children = (
				D5E9F6DF2CE477C9003A61BA /* Base */,
			);
			name = LaunchScreen.storyboard;
			sourceTree = "<group>";
		};
/* End PBXVariantGroup section */

/* Begin XCBuildConfiguration section */
		D5E9F6F82CE477C9003A61BA /* Debug */ = {
			isa = XCBuildConfiguration;
			buildSettings = {
				ALWAYS_SEARCH_USER_PATHS = NO;
				ASSETCATALOG_COMPILER_GENERATE_SWIFT_ASSET_SYMBOL_EXTENSIONS = YES;
				CLANG_ANALYZER_NONNULL = YES;
				CLANG_ANALYZER_NUMBER_OBJECT_CONVERSION = YES_AGGRESSIVE;
				CLANG_CXX_LANGUAGE_STANDARD = "gnu++20";
				CLANG_ENABLE_MODULES = YES;
				CLANG_ENABLE_OBJC_ARC = YES;
				CLANG_ENABLE_OBJC_WEAK = YES;
				CLANG_WARN_BLOCK_CAPTURE_AUTORELEASING = YES;
				CLANG_WARN_BOOL_CONVERSION = YES;
				CLANG_WARN_COMMA = YES;
				CLANG_WARN_CONSTANT_CONVERSION = YES;
				CLANG_WARN_DEPRECATED_OBJC_IMPLEMENTATIONS = YES;
				CLANG_WARN_DIRECT_OBJC_ISA_USAGE = YES_ERROR;
				CLANG_WARN_DOCUMENTATION_COMMENTS = YES;
				CLANG_WARN_EMPTY_BODY = YES;
				CLANG_WARN_ENUM_CONVERSION = YES;
				CLANG_WARN_INFINITE_RECURSION = YES;
				CLANG_WARN_INT_CONVERSION = YES;
				CLANG_WARN_NON_LITERAL_NULL_CONVERSION = YES;
				CLANG_WARN_OBJC_IMPLICIT_RETAIN_SELF = YES;
				CLANG_WARN_OBJC_LITERAL_CONVERSION = YES;
				CLANG_WARN_OBJC_ROOT_CLASS = YES_ERROR;
				CLANG_WARN_QUOTED_INCLUDE_IN_FRAMEWORK_HEADER = YES;
				CLANG_WARN_RANGE_LOOP_ANALYSIS = YES;
				CLANG_WARN_STRICT_PROTOTYPES = YES;
				CLANG_WARN_SUSPICIOUS_MOVE = YES;
				CLANG_WARN_UNGUARDED_AVAILABILITY = YES_AGGRESSIVE;
				CLANG_WARN_UNREACHABLE_CODE = YES;
				CLANG_WARN__DUPLICATE_METHOD_MATCH = YES;
				COPY_PHASE_STRIP = NO;
				DEBUG_INFORMATION_FORMAT = dwarf;
				ENABLE_STRICT_OBJC_MSGSEND = YES;
				ENABLE_TESTABILITY = YES;
				ENABLE_USER_SCRIPT_SANDBOXING = YES;
				GCC_C_LANGUAGE_STANDARD = gnu17;
				GCC_DYNAMIC_NO_PIC = NO;
				GCC_NO_COMMON_BLOCKS = YES;
				GCC_OPTIMIZATION_LEVEL = 0;
				GCC_PREPROCESSOR_DEFINITIONS = (
					"DEBUG=1",
					"$(inherited)",
				);
				GCC_WARN_64_TO_32_BIT_CONVERSION = YES;
				GCC_WARN_ABOUT_RETURN_TYPE = YES_ERROR;
				GCC_WARN_UNDECLARED_SELECTOR = YES;
				GCC_WARN_UNINITIALIZED_AUTOS = YES_AGGRESSIVE;
				GCC_WARN_UNUSED_FUNCTION = YES;
				GCC_WARN_UNUSED_VARIABLE = YES;
				IPHONEOS_DEPLOYMENT_TARGET = 17.5;
				LOCALIZATION_PREFERS_STRING_CATALOGS = YES;
				MTL_ENABLE_DEBUG_INFO = INCLUDE_SOURCE;
				MTL_FAST_MATH = YES;
				ONLY_ACTIVE_ARCH = YES;
				SDKROOT = iphoneos;
				SWIFT_ACTIVE_COMPILATION_CONDITIONS = "DEBUG $(inherited)";
				SWIFT_OPTIMIZATION_LEVEL = "-Onone";
			};
			name = Debug;
		};
		D5E9F6F92CE477C9003A61BA /* Release */ = {
			isa = XCBuildConfiguration;
			buildSettings = {
				ALWAYS_SEARCH_USER_PATHS = NO;
				ASSETCATALOG_COMPILER_GENERATE_SWIFT_ASSET_SYMBOL_EXTENSIONS = YES;
				CLANG_ANALYZER_NONNULL = YES;
				CLANG_ANALYZER_NUMBER_OBJECT_CONVERSION = YES_AGGRESSIVE;
				CLANG_CXX_LANGUAGE_STANDARD = "gnu++20";
				CLANG_ENABLE_MODULES = YES;
				CLANG_ENABLE_OBJC_ARC = YES;
				CLANG_ENABLE_OBJC_WEAK = YES;
				CLANG_WARN_BLOCK_CAPTURE_AUTORELEASING = YES;
				CLANG_WARN_BOOL_CONVERSION = YES;
				CLANG_WARN_COMMA = YES;
				CLANG_WARN_CONSTANT_CONVERSION = YES;
				CLANG_WARN_DEPRECATED_OBJC_IMPLEMENTATIONS = YES;
				CLANG_WARN_DIRECT_OBJC_ISA_USAGE = YES_ERROR;
				CLANG_WARN_DOCUMENTATION_COMMENTS = YES;
				CLANG_WARN_EMPTY_BODY = YES;
				CLANG_WARN_ENUM_CONVERSION = YES;
				CLANG_WARN_INFINITE_RECURSION = YES;
				CLANG_WARN_INT_CONVERSION = YES;
				CLANG_WARN_NON_LITERAL_NULL_CONVERSION = YES;
				CLANG_WARN_OBJC_IMPLICIT_RETAIN_SELF = YES;
				CLANG_WARN_OBJC_LITERAL_CONVERSION = YES;
				CLANG_WARN_OBJC_ROOT_CLASS = YES_ERROR;
				CLANG_WARN_QUOTED_INCLUDE_IN_FRAMEWORK_HEADER = YES;
				CLANG_WARN_RANGE_LOOP_ANALYSIS = YES;
				CLANG_WARN_STRICT_PROTOTYPES = YES;
				CLANG_WARN_SUSPICIOUS_MOVE = YES;
				CLANG_WARN_UNGUARDED_AVAILABILITY = YES_AGGRESSIVE;
				CLANG_WARN_UNREACHABLE_CODE = YES;
				CLANG_WARN__DUPLICATE_METHOD_MATCH = YES;
				COPY_PHASE_STRIP = NO;
				DEBUG_INFORMATION_FORMAT = "dwarf-with-dsym";
				ENABLE_NS_ASSERTIONS = NO;
				ENABLE_STRICT_OBJC_MSGSEND = YES;
				ENABLE_USER_SCRIPT_SANDBOXING = YES;
				GCC_C_LANGUAGE_STANDARD = gnu17;
				GCC_NO_COMMON_BLOCKS = YES;
				GCC_WARN_64_TO_32_BIT_CONVERSION = YES;
				GCC_WARN_ABOUT_RETURN_TYPE = YES_ERROR;
				GCC_WARN_UNDECLARED_SELECTOR = YES;
				GCC_WARN_UNINITIALIZED_AUTOS = YES_AGGRESSIVE;
				GCC_WARN_UNUSED_FUNCTION = YES;
				GCC_WARN_UNUSED_VARIABLE = YES;
				IPHONEOS_DEPLOYMENT_TARGET = 17.5;
				LOCALIZATION_PREFERS_STRING_CATALOGS = YES;
				MTL_ENABLE_DEBUG_INFO = NO;
				MTL_FAST_MATH = YES;
				SDKROOT = iphoneos;
				SWIFT_COMPILATION_MODE = wholemodule;
				VALIDATE_PRODUCT = YES;
			};
			name = Release;
		};
		D5E9F6FB2CE477C9003A61BA /* Debug */ = {
			isa = XCBuildConfiguration;
			buildSettings = {
				ASSETCATALOG_COMPILER_APPICON_NAME = AppIcon;
				ASSETCATALOG_COMPILER_GLOBAL_ACCENT_COLOR_NAME = AccentColor;
				CODE_SIGN_STYLE = Automatic;
				CURRENT_PROJECT_VERSION = 1;
				GENERATE_INFOPLIST_FILE = YES;
				INFOPLIST_FILE = UIPickerView/Info.plist;
				INFOPLIST_KEY_UIApplicationSupportsIndirectInputEvents = YES;
				INFOPLIST_KEY_UILaunchStoryboardName = LaunchScreen;
				INFOPLIST_KEY_UIMainStoryboardFile = Main;
				INFOPLIST_KEY_UISupportedInterfaceOrientations_iPad = "UIInterfaceOrientationPortrait UIInterfaceOrientationPortraitUpsideDown UIInterfaceOrientationLandscapeLeft UIInterfaceOrientationLandscapeRight";
				INFOPLIST_KEY_UISupportedInterfaceOrientations_iPhone = "UIInterfaceOrientationPortrait UIInterfaceOrientationLandscapeLeft UIInterfaceOrientationLandscapeRight";
				LD_RUNPATH_SEARCH_PATHS = (
					"$(inherited)",
					"@executable_path/Frameworks",
				);
				MARKETING_VERSION = 1.0;
				PRODUCT_BUNDLE_IDENTIFIER = manasi.UIPickerView;
				PRODUCT_NAME = "$(TARGET_NAME)";
				SWIFT_EMIT_LOC_STRINGS = YES;
				SWIFT_VERSION = 5.0;
				TARGETED_DEVICE_FAMILY = "1,2";
			};
			name = Debug;
		};
		D5E9F6FC2CE477C9003A61BA /* Release */ = {
			isa = XCBuildConfiguration;
			buildSettings = {
				ASSETCATALOG_COMPILER_APPICON_NAME = AppIcon;
				ASSETCATALOG_COMPILER_GLOBAL_ACCENT_COLOR_NAME = AccentColor;
				CODE_SIGN_STYLE = Automatic;
				CURRENT_PROJECT_VERSION = 1;
				GENERATE_INFOPLIST_FILE = YES;
				INFOPLIST_FILE = UIPickerView/Info.plist;
				INFOPLIST_KEY_UIApplicationSupportsIndirectInputEvents = YES;
				INFOPLIST_KEY_UILaunchStoryboardName = LaunchScreen;
				INFOPLIST_KEY_UIMainStoryboardFile = Main;
				INFOPLIST_KEY_UISupportedInterfaceOrientations_iPad = "UIInterfaceOrientationPortrait UIInterfaceOrientationPortraitUpsideDown UIInterfaceOrientationLandscapeLeft UIInterfaceOrientationLandscapeRight";
				INFOPLIST_KEY_UISupportedInterfaceOrientations_iPhone = "UIInterfaceOrientationPortrait UIInterfaceOrientationLandscapeLeft UIInterfaceOrientationLandscapeRight";
				LD_RUNPATH_SEARCH_PATHS = (
					"$(inherited)",
					"@executable_path/Frameworks",
				);
				MARKETING_VERSION = 1.0;
				PRODUCT_BUNDLE_IDENTIFIER = manasi.UIPickerView;
				PRODUCT_NAME = "$(TARGET_NAME)";
				SWIFT_EMIT_LOC_STRINGS = YES;
				SWIFT_VERSION = 5.0;
				TARGETED_DEVICE_FAMILY = "1,2";
			};
			name = Release;
		};
		D5E9F6FE2CE477C9003A61BA /* Debug */ = {
			isa = XCBuildConfiguration;
			buildSettings = {
				ALWAYS_EMBED_SWIFT_STANDARD_LIBRARIES = YES;
				BUNDLE_LOADER = "$(TEST_HOST)";
				CODE_SIGN_STYLE = Automatic;
				CURRENT_PROJECT_VERSION = 1;
				GENERATE_INFOPLIST_FILE = YES;
				IPHONEOS_DEPLOYMENT_TARGET = 17.5;
				MARKETING_VERSION = 1.0;
				PRODUCT_BUNDLE_IDENTIFIER = manasi.UIPickerViewTests;
				PRODUCT_NAME = "$(TARGET_NAME)";
				SWIFT_EMIT_LOC_STRINGS = NO;
				SWIFT_VERSION = 5.0;
				TARGETED_DEVICE_FAMILY = "1,2";
				TEST_HOST = "$(BUILT_PRODUCTS_DIR)/UIPickerView.app/$(BUNDLE_EXECUTABLE_FOLDER_PATH)/UIPickerView";
			};
			name = Debug;
		};
		D5E9F6FF2CE477C9003A61BA /* Release */ = {
			isa = XCBuildConfiguration;
			buildSettings = {
				ALWAYS_EMBED_SWIFT_STANDARD_LIBRARIES = YES;
				BUNDLE_LOADER = "$(TEST_HOST)";
				CODE_SIGN_STYLE = Automatic;
				CURRENT_PROJECT_VERSION = 1;
				GENERATE_INFOPLIST_FILE = YES;
				IPHONEOS_DEPLOYMENT_TARGET = 17.5;
				MARKETING_VERSION = 1.0;
				PRODUCT_BUNDLE_IDENTIFIER = manasi.UIPickerViewTests;
				PRODUCT_NAME = "$(TARGET_NAME)";
				SWIFT_EMIT_LOC_STRINGS = NO;
				SWIFT_VERSION = 5.0;
				TARGETED_DEVICE_FAMILY = "1,2";
				TEST_HOST = "$(BUILT_PRODUCTS_DIR)/UIPickerView.app/$(BUNDLE_EXECUTABLE_FOLDER_PATH)/UIPickerView";
			};
			name = Release;
		};
		D5E9F7012CE477C9003A61BA /* Debug */ = {
			isa = XCBuildConfiguration;
			buildSettings = {
				ALWAYS_EMBED_SWIFT_STANDARD_LIBRARIES = YES;
				CODE_SIGN_STYLE = Automatic;
				CURRENT_PROJECT_VERSION = 1;
				GENERATE_INFOPLIST_FILE = YES;
				MARKETING_VERSION = 1.0;
				PRODUCT_BUNDLE_IDENTIFIER = manasi.UIPickerViewUITests;
				PRODUCT_NAME = "$(TARGET_NAME)";
				SWIFT_EMIT_LOC_STRINGS = NO;
				SWIFT_VERSION = 5.0;
				TARGETED_DEVICE_FAMILY = "1,2";
				TEST_TARGET_NAME = UIPickerView;
			};
			name = Debug;
		};
		D5E9F7022CE477C9003A61BA /* Release */ = {
			isa = XCBuildConfiguration;
			buildSettings = {
				ALWAYS_EMBED_SWIFT_STANDARD_LIBRARIES = YES;
				CODE_SIGN_STYLE = Automatic;
				CURRENT_PROJECT_VERSION = 1;
				GENERATE_INFOPLIST_FILE = YES;
				MARKETING_VERSION = 1.0;
				PRODUCT_BUNDLE_IDENTIFIER = manasi.UIPickerViewUITests;
				PRODUCT_NAME = "$(TARGET_NAME)";
				SWIFT_EMIT_LOC_STRINGS = NO;
				SWIFT_VERSION = 5.0;
				TARGETED_DEVICE_FAMILY = "1,2";
				TEST_TARGET_NAME = UIPickerView;
			};
			name = Release;
		};
/* End XCBuildConfiguration section */

/* Begin XCConfigurationList section */
		D5E9F6CB2CE477C8003A61BA /* Build configuration list for PBXProject "UIPickerView" */ = {
			isa = XCConfigurationList;
			buildConfigurations = (
				D5E9F6F82CE477C9003A61BA /* Debug */,
				D5E9F6F92CE477C9003A61BA /* Release */,
			);
			defaultConfigurationIsVisible = 0;
			defaultConfigurationName = Release;
		};
		D5E9F6FA2CE477C9003A61BA /* Build configuration list for PBXNativeTarget "UIPickerView" */ = {
			isa = XCConfigurationList;
			buildConfigurations = (
				D5E9F6FB2CE477C9003A61BA /* Debug */,
				D5E9F6FC2CE477C9003A61BA /* Release */,
			);
			defaultConfigurationIsVisible = 0;
			defaultConfigurationName = Release;
		};
		D5E9F6FD2CE477C9003A61BA /* Build configuration list for PBXNativeTarget "UIPickerViewTests" */ = {
			isa = XCConfigurationList;
			buildConfigurations = (
				D5E9F6FE2CE477C9003A61BA /* Debug */,
				D5E9F6FF2CE477C9003A61BA /* Release */,
			);
			defaultConfigurationIsVisible = 0;
			defaultConfigurationName = Release;
		};
		D5E9F7002CE477C9003A61BA /* Build configuration list for PBXNativeTarget "UIPickerViewUITests" */ = {
			isa = XCConfigurationList;
			buildConfigurations = (
				D5E9F7012CE477C9003A61BA /* Debug */,
				D5E9F7022CE477C9003A61BA /* Release */,
			);
			defaultConfigurationIsVisible = 0;
			defaultConfigurationName = Release;
		};
/* End XCConfigurationList section */
	};
	rootObject = D5E9F6C82CE477C8003A61BA /* Project object */;
}
